
Microsoft Visual Studio Solution File, Format Version 12.00
# Visual Studio 2012
Project("{FAE04EC0-301F-11D3-BF4B-00C04F79EFBC}") = "Octopus.GUI.Restarter", "Octopus.GUI.Restarter\Octopus.GUI.Restarter.csproj", "{90B5218E-10F0-4123-80E3-C4E65D6CF209}"
EndProject
Project("{FAE04EC0-301F-11D3-BF4B-00C04F79EFBC}") = "Octopus.Test", "Octopus.Test\Octopus.Test.csproj", "{ECE3CED4-8326-4455-A0C2-D43336EF0B32}"
EndProject
Project("{FAE04EC0-301F-11D3-BF4B-00C04F79EFBC}") = "Octopus.DatabaseConnection", "Octopus.ConnectionManager\Octopus.DatabaseConnection.csproj", "{30AF40FB-FA8B-4F5E-B41A-CA59E82BA5A0}"
EndProject
Project("{FAE04EC0-301F-11D3-BF4B-00C04F79EFBC}") = "Octopus.Enums", "Octopus.Enums\Octopus.Enums.csproj", "{8AFC1E87-3856-4F05-8280-5360D33C200B}"
EndProject
Project("{FAE04EC0-301F-11D3-BF4B-00C04F79EFBC}") = "Octopus.CoreDomain", "Octopus.CoreDomain\Octopus.CoreDomain.csproj", "{D539C388-3848-4A3E-AB87-42B8E329755A}"
EndProject
Project("{FAE04EC0-301F-11D3-BF4B-00C04F79EFBC}") = "Octopus.ExceptionsHandler", "Octopus.ExceptionsHandler\Octopus.ExceptionsHandler.csproj", "{98B26AD8-D160-462B-B70F-982D8701154A}"
EndProject
Project("{FAE04EC0-301F-11D3-BF4B-00C04F79EFBC}") = "Octopus.GUI", "Octopus.GUI\Octopus.GUI.csproj", "{098C8842-6538-4B87-8851-BB1B1FA379FE}"
EndProject
Project("{FAE04EC0-301F-11D3-BF4B-00C04F79EFBC}") = "Octopus.Manager", "Octopus.Manager\Octopus.Manager.csproj", "{963A6B8B-779C-4052-B39A-8ABBFBF16C1A}"
EndProject
Project("{FAE04EC0-301F-11D3-BF4B-00C04F79EFBC}") = "Octopus.MultiLanguageRessources", "Octopus.MultiLanguage\Octopus.MultiLanguageRessources.csproj", "{1644EDA1-7196-4197-B752-A4D14F384E31}"
EndProject
Project("{FAE04EC0-301F-11D3-BF4B-00C04F79EFBC}") = "Octopus.Services", "Octopus.Services\Octopus.Services.csproj", "{A859D97A-51FB-4961-AF07-5856640511AF}"
EndProject
Project("{FAE04EC0-301F-11D3-BF4B-00C04F79EFBC}") = "Octopus.Shared", "Octopus.Shared\Octopus.Shared.csproj", "{B3288E21-E5A9-4620-BEF3-AFB0B207655C}"
EndProject
Project("{FAE04EC0-301F-11D3-BF4B-00C04F79EFBC}") = "Octopus.Extensions", "Octopus.Extensions\Octopus.Extensions.csproj", "{D63E15B6-24DF-4C27-8593-EFACE31FA52A}"
EndProject
Project("{FAE04EC0-301F-11D3-BF4B-00C04F79EFBC}") = "Octopus.Reports", "Octopus.Reports\Octopus.Reports.csproj", "{A2E4E382-5796-446C-85B1-8EF306AD50DE}"
EndProject
Project("{FAE04EC0-301F-11D3-BF4B-00C04F79EFBC}") = "Octopus.Stringifier", "Octopus.Stringifier\Octopus.Stringifier.csproj", "{FD33F8F6-6E7A-478B-A34F-14A96C612D8B}"
EndProject
Global
	GlobalSection(SolutionConfigurationPlatforms) = preSolution
		Build Setup|Any CPU = Build Setup|Any CPU
		Build Setup|Mixed Platforms = Build Setup|Mixed Platforms
		Build Setup|x86 = Build Setup|x86
		Debug|Any CPU = Debug|Any CPU
		Debug|Mixed Platforms = Debug|Mixed Platforms
		Debug|x86 = Debug|x86
		DebugWithoutTest|Any CPU = DebugWithoutTest|Any CPU
		DebugWithoutTest|Mixed Platforms = DebugWithoutTest|Mixed Platforms
		DebugWithoutTest|x86 = DebugWithoutTest|x86
		DebugWithTest|Any CPU = DebugWithTest|Any CPU
		DebugWithTest|Mixed Platforms = DebugWithTest|Mixed Platforms
		DebugWithTest|x86 = DebugWithTest|x86
		FitNesse|Any CPU = FitNesse|Any CPU
		FitNesse|Mixed Platforms = FitNesse|Mixed Platforms
		FitNesse|x86 = FitNesse|x86
		Release|Any CPU = Release|Any CPU
		Release|Mixed Platforms = Release|Mixed Platforms
		Release|x86 = Release|x86
		Test|Any CPU = Test|Any CPU
		Test|Mixed Platforms = Test|Mixed Platforms
		Test|x86 = Test|x86
	EndGlobalSection
	GlobalSection(ProjectConfigurationPlatforms) = postSolution
		{90B5218E-10F0-4123-80E3-C4E65D6CF209}.Build Setup|Any CPU.ActiveCfg = Release|Any CPU
		{90B5218E-10F0-4123-80E3-C4E65D6CF209}.Build Setup|Any CPU.Build.0 = Release|Any CPU
		{90B5218E-10F0-4123-80E3-C4E65D6CF209}.Build Setup|Mixed Platforms.ActiveCfg = FitNesse|Any CPU
		{90B5218E-10F0-4123-80E3-C4E65D6CF209}.Build Setup|Mixed Platforms.Build.0 = FitNesse|Any CPU
		{90B5218E-10F0-4123-80E3-C4E65D6CF209}.Build Setup|x86.ActiveCfg = FitNesse|Any CPU
		{90B5218E-10F0-4123-80E3-C4E65D6CF209}.Debug|Any CPU.ActiveCfg = Debug|Any CPU
		{90B5218E-10F0-4123-80E3-C4E65D6CF209}.Debug|Any CPU.Build.0 = Debug|Any CPU
		{90B5218E-10F0-4123-80E3-C4E65D6CF209}.Debug|Mixed Platforms.ActiveCfg = Debug|Any CPU
		{90B5218E-10F0-4123-80E3-C4E65D6CF209}.Debug|Mixed Platforms.Build.0 = Debug|Any CPU
		{90B5218E-10F0-4123-80E3-C4E65D6CF209}.Debug|x86.ActiveCfg = Debug|Any CPU
		{90B5218E-10F0-4123-80E3-C4E65D6CF209}.DebugWithoutTest|Any CPU.ActiveCfg = Debug|Any CPU
		{90B5218E-10F0-4123-80E3-C4E65D6CF209}.DebugWithoutTest|Any CPU.Build.0 = Debug|Any CPU
		{90B5218E-10F0-4123-80E3-C4E65D6CF209}.DebugWithoutTest|Mixed Platforms.ActiveCfg = Debug|Any CPU
		{90B5218E-10F0-4123-80E3-C4E65D6CF209}.DebugWithoutTest|Mixed Platforms.Build.0 = Debug|Any CPU
		{90B5218E-10F0-4123-80E3-C4E65D6CF209}.DebugWithoutTest|x86.ActiveCfg = Debug|Any CPU
		{90B5218E-10F0-4123-80E3-C4E65D6CF209}.DebugWithTest|Any CPU.ActiveCfg = Debug|Any CPU
		{90B5218E-10F0-4123-80E3-C4E65D6CF209}.DebugWithTest|Any CPU.Build.0 = Debug|Any CPU
		{90B5218E-10F0-4123-80E3-C4E65D6CF209}.DebugWithTest|Mixed Platforms.ActiveCfg = Debug|Any CPU
		{90B5218E-10F0-4123-80E3-C4E65D6CF209}.DebugWithTest|Mixed Platforms.Build.0 = Debug|Any CPU
		{90B5218E-10F0-4123-80E3-C4E65D6CF209}.DebugWithTest|x86.ActiveCfg = Debug|Any CPU
		{90B5218E-10F0-4123-80E3-C4E65D6CF209}.FitNesse|Any CPU.ActiveCfg = FitNesse|Any CPU
		{90B5218E-10F0-4123-80E3-C4E65D6CF209}.FitNesse|Any CPU.Build.0 = FitNesse|Any CPU
		{90B5218E-10F0-4123-80E3-C4E65D6CF209}.FitNesse|Mixed Platforms.ActiveCfg = FitNesse|Any CPU
		{90B5218E-10F0-4123-80E3-C4E65D6CF209}.FitNesse|Mixed Platforms.Build.0 = FitNesse|Any CPU
		{90B5218E-10F0-4123-80E3-C4E65D6CF209}.FitNesse|x86.ActiveCfg = FitNesse|Any CPU
		{90B5218E-10F0-4123-80E3-C4E65D6CF209}.Release|Any CPU.ActiveCfg = Release|Any CPU
		{90B5218E-10F0-4123-80E3-C4E65D6CF209}.Release|Any CPU.Build.0 = Release|Any CPU
		{90B5218E-10F0-4123-80E3-C4E65D6CF209}.Release|Mixed Platforms.ActiveCfg = Release|Any CPU
		{90B5218E-10F0-4123-80E3-C4E65D6CF209}.Release|Mixed Platforms.Build.0 = Release|Any CPU
		{90B5218E-10F0-4123-80E3-C4E65D6CF209}.Release|x86.ActiveCfg = Release|Any CPU
		{90B5218E-10F0-4123-80E3-C4E65D6CF209}.Test|Any CPU.ActiveCfg = FitNesse|Any CPU
		{90B5218E-10F0-4123-80E3-C4E65D6CF209}.Test|Any CPU.Build.0 = FitNesse|Any CPU
		{90B5218E-10F0-4123-80E3-C4E65D6CF209}.Test|Mixed Platforms.ActiveCfg = FitNesse|Any CPU
		{90B5218E-10F0-4123-80E3-C4E65D6CF209}.Test|Mixed Platforms.Build.0 = FitNesse|Any CPU
		{90B5218E-10F0-4123-80E3-C4E65D6CF209}.Test|x86.ActiveCfg = FitNesse|Any CPU
		{ECE3CED4-8326-4455-A0C2-D43336EF0B32}.Build Setup|Any CPU.ActiveCfg = FitNesse|Any CPU
		{ECE3CED4-8326-4455-A0C2-D43336EF0B32}.Build Setup|Any CPU.Build.0 = FitNesse|Any CPU
		{ECE3CED4-8326-4455-A0C2-D43336EF0B32}.Build Setup|Mixed Platforms.ActiveCfg = Test|Any CPU
		{ECE3CED4-8326-4455-A0C2-D43336EF0B32}.Build Setup|Mixed Platforms.Build.0 = Test|Any CPU
		{ECE3CED4-8326-4455-A0C2-D43336EF0B32}.Build Setup|x86.ActiveCfg = Test|Any CPU
		{ECE3CED4-8326-4455-A0C2-D43336EF0B32}.Debug|Any CPU.ActiveCfg = Debug|Any CPU
		{ECE3CED4-8326-4455-A0C2-D43336EF0B32}.Debug|Any CPU.Build.0 = Debug|Any CPU
		{ECE3CED4-8326-4455-A0C2-D43336EF0B32}.Debug|Mixed Platforms.ActiveCfg = Debug|Any CPU
		{ECE3CED4-8326-4455-A0C2-D43336EF0B32}.Debug|Mixed Platforms.Build.0 = Debug|Any CPU
		{ECE3CED4-8326-4455-A0C2-D43336EF0B32}.Debug|x86.ActiveCfg = Debug|Any CPU
		{ECE3CED4-8326-4455-A0C2-D43336EF0B32}.DebugWithoutTest|Any CPU.ActiveCfg = DebugWithTest|Any CPU
		{ECE3CED4-8326-4455-A0C2-D43336EF0B32}.DebugWithoutTest|Any CPU.Build.0 = DebugWithTest|Any CPU
		{ECE3CED4-8326-4455-A0C2-D43336EF0B32}.DebugWithoutTest|Mixed Platforms.ActiveCfg = DebugWithTest|Any CPU
		{ECE3CED4-8326-4455-A0C2-D43336EF0B32}.DebugWithoutTest|Mixed Platforms.Build.0 = DebugWithTest|Any CPU
		{ECE3CED4-8326-4455-A0C2-D43336EF0B32}.DebugWithoutTest|x86.ActiveCfg = DebugWithTest|Any CPU
		{ECE3CED4-8326-4455-A0C2-D43336EF0B32}.DebugWithTest|Any CPU.ActiveCfg = DebugWithTest|Any CPU
		{ECE3CED4-8326-4455-A0C2-D43336EF0B32}.DebugWithTest|Any CPU.Build.0 = DebugWithTest|Any CPU
		{ECE3CED4-8326-4455-A0C2-D43336EF0B32}.DebugWithTest|Mixed Platforms.ActiveCfg = DebugWithTest|Any CPU
		{ECE3CED4-8326-4455-A0C2-D43336EF0B32}.DebugWithTest|Mixed Platforms.Build.0 = DebugWithTest|Any CPU
		{ECE3CED4-8326-4455-A0C2-D43336EF0B32}.DebugWithTest|x86.ActiveCfg = DebugWithTest|Any CPU
		{ECE3CED4-8326-4455-A0C2-D43336EF0B32}.FitNesse|Any CPU.ActiveCfg = FitNesse|Any CPU
		{ECE3CED4-8326-4455-A0C2-D43336EF0B32}.FitNesse|Any CPU.Build.0 = FitNesse|Any CPU
		{ECE3CED4-8326-4455-A0C2-D43336EF0B32}.FitNesse|Mixed Platforms.ActiveCfg = FitNesse|Any CPU
		{ECE3CED4-8326-4455-A0C2-D43336EF0B32}.FitNesse|Mixed Platforms.Build.0 = FitNesse|Any CPU
		{ECE3CED4-8326-4455-A0C2-D43336EF0B32}.FitNesse|x86.ActiveCfg = FitNesse|Any CPU
		{ECE3CED4-8326-4455-A0C2-D43336EF0B32}.Release|Any CPU.ActiveCfg = Release|Any CPU
		{ECE3CED4-8326-4455-A0C2-D43336EF0B32}.Release|Any CPU.Build.0 = Release|Any CPU
		{ECE3CED4-8326-4455-A0C2-D43336EF0B32}.Release|Mixed Platforms.ActiveCfg = Release|Any CPU
		{ECE3CED4-8326-4455-A0C2-D43336EF0B32}.Release|Mixed Platforms.Build.0 = Release|Any CPU
		{ECE3CED4-8326-4455-A0C2-D43336EF0B32}.Release|x86.ActiveCfg = Release|Any CPU
		{ECE3CED4-8326-4455-A0C2-D43336EF0B32}.Test|Any CPU.ActiveCfg = Test|Any CPU
		{ECE3CED4-8326-4455-A0C2-D43336EF0B32}.Test|Any CPU.Build.0 = Test|Any CPU
		{ECE3CED4-8326-4455-A0C2-D43336EF0B32}.Test|Mixed Platforms.ActiveCfg = Test|Any CPU
		{ECE3CED4-8326-4455-A0C2-D43336EF0B32}.Test|Mixed Platforms.Build.0 = Test|Any CPU
		{ECE3CED4-8326-4455-A0C2-D43336EF0B32}.Test|x86.ActiveCfg = Test|Any CPU
		{30AF40FB-FA8B-4F5E-B41A-CA59E82BA5A0}.Build Setup|Any CPU.ActiveCfg = Release|Any CPU
		{30AF40FB-FA8B-4F5E-B41A-CA59E82BA5A0}.Build Setup|Any CPU.Build.0 = Release|Any CPU
		{30AF40FB-FA8B-4F5E-B41A-CA59E82BA5A0}.Build Setup|Mixed Platforms.ActiveCfg = Release|Any CPU
		{30AF40FB-FA8B-4F5E-B41A-CA59E82BA5A0}.Build Setup|Mixed Platforms.Build.0 = Release|Any CPU
		{30AF40FB-FA8B-4F5E-B41A-CA59E82BA5A0}.Build Setup|x86.ActiveCfg = Release|Any CPU
		{30AF40FB-FA8B-4F5E-B41A-CA59E82BA5A0}.Debug|Any CPU.ActiveCfg = Debug|Any CPU
		{30AF40FB-FA8B-4F5E-B41A-CA59E82BA5A0}.Debug|Any CPU.Build.0 = Debug|Any CPU
		{30AF40FB-FA8B-4F5E-B41A-CA59E82BA5A0}.Debug|Mixed Platforms.ActiveCfg = Debug|Any CPU
		{30AF40FB-FA8B-4F5E-B41A-CA59E82BA5A0}.Debug|Mixed Platforms.Build.0 = Debug|Any CPU
		{30AF40FB-FA8B-4F5E-B41A-CA59E82BA5A0}.Debug|x86.ActiveCfg = Debug|Any CPU
		{30AF40FB-FA8B-4F5E-B41A-CA59E82BA5A0}.DebugWithoutTest|Any CPU.ActiveCfg = Debug|Any CPU
		{30AF40FB-FA8B-4F5E-B41A-CA59E82BA5A0}.DebugWithoutTest|Any CPU.Build.0 = Debug|Any CPU
		{30AF40FB-FA8B-4F5E-B41A-CA59E82BA5A0}.DebugWithoutTest|Mixed Platforms.ActiveCfg = Debug|Any CPU
		{30AF40FB-FA8B-4F5E-B41A-CA59E82BA5A0}.DebugWithoutTest|Mixed Platforms.Build.0 = Debug|Any CPU
		{30AF40FB-FA8B-4F5E-B41A-CA59E82BA5A0}.DebugWithoutTest|x86.ActiveCfg = Debug|Any CPU
		{30AF40FB-FA8B-4F5E-B41A-CA59E82BA5A0}.DebugWithTest|Any CPU.ActiveCfg = Debug|Any CPU
		{30AF40FB-FA8B-4F5E-B41A-CA59E82BA5A0}.DebugWithTest|Any CPU.Build.0 = Debug|Any CPU
		{30AF40FB-FA8B-4F5E-B41A-CA59E82BA5A0}.DebugWithTest|Mixed Platforms.ActiveCfg = Debug|Any CPU
		{30AF40FB-FA8B-4F5E-B41A-CA59E82BA5A0}.DebugWithTest|Mixed Platforms.Build.0 = Debug|Any CPU
		{30AF40FB-FA8B-4F5E-B41A-CA59E82BA5A0}.DebugWithTest|x86.ActiveCfg = Debug|Any CPU
		{30AF40FB-FA8B-4F5E-B41A-CA59E82BA5A0}.FitNesse|Any CPU.ActiveCfg = Release|Any CPU
		{30AF40FB-FA8B-4F5E-B41A-CA59E82BA5A0}.FitNesse|Any CPU.Build.0 = Release|Any CPU
		{30AF40FB-FA8B-4F5E-B41A-CA59E82BA5A0}.FitNesse|Mixed Platforms.ActiveCfg = Release|Any CPU
		{30AF40FB-FA8B-4F5E-B41A-CA59E82BA5A0}.FitNesse|Mixed Platforms.Build.0 = Release|Any CPU
		{30AF40FB-FA8B-4F5E-B41A-CA59E82BA5A0}.FitNesse|x86.ActiveCfg = Release|Any CPU
		{30AF40FB-FA8B-4F5E-B41A-CA59E82BA5A0}.Release|Any CPU.ActiveCfg = Release|Any CPU
		{30AF40FB-FA8B-4F5E-B41A-CA59E82BA5A0}.Release|Any CPU.Build.0 = Release|Any CPU
		{30AF40FB-FA8B-4F5E-B41A-CA59E82BA5A0}.Release|Mixed Platforms.ActiveCfg = Release|Any CPU
		{30AF40FB-FA8B-4F5E-B41A-CA59E82BA5A0}.Release|Mixed Platforms.Build.0 = Release|Any CPU
		{30AF40FB-FA8B-4F5E-B41A-CA59E82BA5A0}.Release|x86.ActiveCfg = Release|Any CPU
		{30AF40FB-FA8B-4F5E-B41A-CA59E82BA5A0}.Test|Any CPU.ActiveCfg = Release|Any CPU
		{30AF40FB-FA8B-4F5E-B41A-CA59E82BA5A0}.Test|Any CPU.Build.0 = Release|Any CPU
		{30AF40FB-FA8B-4F5E-B41A-CA59E82BA5A0}.Test|Mixed Platforms.ActiveCfg = Release|Any CPU
		{30AF40FB-FA8B-4F5E-B41A-CA59E82BA5A0}.Test|Mixed Platforms.Build.0 = Release|Any CPU
		{30AF40FB-FA8B-4F5E-B41A-CA59E82BA5A0}.Test|x86.ActiveCfg = Release|Any CPU
		{8AFC1E87-3856-4F05-8280-5360D33C200B}.Build Setup|Any CPU.ActiveCfg = Release|Any CPU
		{8AFC1E87-3856-4F05-8280-5360D33C200B}.Build Setup|Any CPU.Build.0 = Release|Any CPU
		{8AFC1E87-3856-4F05-8280-5360D33C200B}.Build Setup|Mixed Platforms.ActiveCfg = Release|Any CPU
		{8AFC1E87-3856-4F05-8280-5360D33C200B}.Build Setup|Mixed Platforms.Build.0 = Release|Any CPU
		{8AFC1E87-3856-4F05-8280-5360D33C200B}.Build Setup|x86.ActiveCfg = Release|Any CPU
		{8AFC1E87-3856-4F05-8280-5360D33C200B}.Debug|Any CPU.ActiveCfg = Debug|Any CPU
		{8AFC1E87-3856-4F05-8280-5360D33C200B}.Debug|Any CPU.Build.0 = Debug|Any CPU
		{8AFC1E87-3856-4F05-8280-5360D33C200B}.Debug|Mixed Platforms.ActiveCfg = Debug|Any CPU
		{8AFC1E87-3856-4F05-8280-5360D33C200B}.Debug|Mixed Platforms.Build.0 = Debug|Any CPU
		{8AFC1E87-3856-4F05-8280-5360D33C200B}.Debug|x86.ActiveCfg = Debug|Any CPU
		{8AFC1E87-3856-4F05-8280-5360D33C200B}.DebugWithoutTest|Any CPU.ActiveCfg = Debug|Any CPU
		{8AFC1E87-3856-4F05-8280-5360D33C200B}.DebugWithoutTest|Any CPU.Build.0 = Debug|Any CPU
		{8AFC1E87-3856-4F05-8280-5360D33C200B}.DebugWithoutTest|Mixed Platforms.ActiveCfg = Debug|Any CPU
		{8AFC1E87-3856-4F05-8280-5360D33C200B}.DebugWithoutTest|Mixed Platforms.Build.0 = Debug|Any CPU
		{8AFC1E87-3856-4F05-8280-5360D33C200B}.DebugWithoutTest|x86.ActiveCfg = Debug|Any CPU
		{8AFC1E87-3856-4F05-8280-5360D33C200B}.DebugWithTest|Any CPU.ActiveCfg = Debug|Any CPU
		{8AFC1E87-3856-4F05-8280-5360D33C200B}.DebugWithTest|Any CPU.Build.0 = Debug|Any CPU
		{8AFC1E87-3856-4F05-8280-5360D33C200B}.DebugWithTest|Mixed Platforms.ActiveCfg = Debug|Any CPU
		{8AFC1E87-3856-4F05-8280-5360D33C200B}.DebugWithTest|Mixed Platforms.Build.0 = Debug|Any CPU
		{8AFC1E87-3856-4F05-8280-5360D33C200B}.DebugWithTest|x86.ActiveCfg = Debug|Any CPU
		{8AFC1E87-3856-4F05-8280-5360D33C200B}.FitNesse|Any CPU.ActiveCfg = Release|Any CPU
		{8AFC1E87-3856-4F05-8280-5360D33C200B}.FitNesse|Any CPU.Build.0 = Release|Any CPU
		{8AFC1E87-3856-4F05-8280-5360D33C200B}.FitNesse|Mixed Platforms.ActiveCfg = Release|Any CPU
		{8AFC1E87-3856-4F05-8280-5360D33C200B}.FitNesse|Mixed Platforms.Build.0 = Release|Any CPU
		{8AFC1E87-3856-4F05-8280-5360D33C200B}.FitNesse|x86.ActiveCfg = Release|Any CPU
		{8AFC1E87-3856-4F05-8280-5360D33C200B}.Release|Any CPU.ActiveCfg = Release|Any CPU
		{8AFC1E87-3856-4F05-8280-5360D33C200B}.Release|Any CPU.Build.0 = Release|Any CPU
		{8AFC1E87-3856-4F05-8280-5360D33C200B}.Release|Mixed Platforms.ActiveCfg = Release|Any CPU
		{8AFC1E87-3856-4F05-8280-5360D33C200B}.Release|Mixed Platforms.Build.0 = Release|Any CPU
		{8AFC1E87-3856-4F05-8280-5360D33C200B}.Release|x86.ActiveCfg = Release|Any CPU
		{8AFC1E87-3856-4F05-8280-5360D33C200B}.Test|Any CPU.ActiveCfg = Release|Any CPU
		{8AFC1E87-3856-4F05-8280-5360D33C200B}.Test|Any CPU.Build.0 = Release|Any CPU
		{8AFC1E87-3856-4F05-8280-5360D33C200B}.Test|Mixed Platforms.ActiveCfg = Release|Any CPU
		{8AFC1E87-3856-4F05-8280-5360D33C200B}.Test|Mixed Platforms.Build.0 = Release|Any CPU
		{8AFC1E87-3856-4F05-8280-5360D33C200B}.Test|x86.ActiveCfg = Release|Any CPU
		{D539C388-3848-4A3E-AB87-42B8E329755A}.Build Setup|Any CPU.ActiveCfg = FitNesse|Any CPU
		{D539C388-3848-4A3E-AB87-42B8E329755A}.Build Setup|Any CPU.Build.0 = FitNesse|Any CPU
		{D539C388-3848-4A3E-AB87-42B8E329755A}.Build Setup|Mixed Platforms.ActiveCfg = FitNesse|Any CPU
		{D539C388-3848-4A3E-AB87-42B8E329755A}.Build Setup|Mixed Platforms.Build.0 = FitNesse|Any CPU
		{D539C388-3848-4A3E-AB87-42B8E329755A}.Build Setup|x86.ActiveCfg = FitNesse|Any CPU
		{D539C388-3848-4A3E-AB87-42B8E329755A}.Debug|Any CPU.ActiveCfg = Debug|Any CPU
		{D539C388-3848-4A3E-AB87-42B8E329755A}.Debug|Any CPU.Build.0 = Debug|Any CPU
		{D539C388-3848-4A3E-AB87-42B8E329755A}.Debug|Mixed Platforms.ActiveCfg = Debug|Any CPU
		{D539C388-3848-4A3E-AB87-42B8E329755A}.Debug|Mixed Platforms.Build.0 = Debug|Any CPU
		{D539C388-3848-4A3E-AB87-42B8E329755A}.Debug|x86.ActiveCfg = Debug|Any CPU
		{D539C388-3848-4A3E-AB87-42B8E329755A}.DebugWithoutTest|Any CPU.ActiveCfg = DebugWithTest|Any CPU
		{D539C388-3848-4A3E-AB87-42B8E329755A}.DebugWithoutTest|Any CPU.Build.0 = DebugWithTest|Any CPU
		{D539C388-3848-4A3E-AB87-42B8E329755A}.DebugWithoutTest|Mixed Platforms.ActiveCfg = DebugWithTest|Any CPU
		{D539C388-3848-4A3E-AB87-42B8E329755A}.DebugWithoutTest|Mixed Platforms.Build.0 = DebugWithTest|Any CPU
		{D539C388-3848-4A3E-AB87-42B8E329755A}.DebugWithoutTest|x86.ActiveCfg = DebugWithTest|Any CPU
		{D539C388-3848-4A3E-AB87-42B8E329755A}.DebugWithTest|Any CPU.ActiveCfg = DebugWithTest|Any CPU
		{D539C388-3848-4A3E-AB87-42B8E329755A}.DebugWithTest|Any CPU.Build.0 = DebugWithTest|Any CPU
		{D539C388-3848-4A3E-AB87-42B8E329755A}.DebugWithTest|Mixed Platforms.ActiveCfg = DebugWithTest|Any CPU
		{D539C388-3848-4A3E-AB87-42B8E329755A}.DebugWithTest|Mixed Platforms.Build.0 = DebugWithTest|Any CPU
		{D539C388-3848-4A3E-AB87-42B8E329755A}.DebugWithTest|x86.ActiveCfg = DebugWithTest|Any CPU
		{D539C388-3848-4A3E-AB87-42B8E329755A}.FitNesse|Any CPU.ActiveCfg = FitNesse|Any CPU
		{D539C388-3848-4A3E-AB87-42B8E329755A}.FitNesse|Any CPU.Build.0 = FitNesse|Any CPU
		{D539C388-3848-4A3E-AB87-42B8E329755A}.FitNesse|Mixed Platforms.ActiveCfg = FitNesse|Any CPU
		{D539C388-3848-4A3E-AB87-42B8E329755A}.FitNesse|Mixed Platforms.Build.0 = FitNesse|Any CPU
		{D539C388-3848-4A3E-AB87-42B8E329755A}.FitNesse|x86.ActiveCfg = FitNesse|Any CPU
		{D539C388-3848-4A3E-AB87-42B8E329755A}.Release|Any CPU.ActiveCfg = Release|Any CPU
		{D539C388-3848-4A3E-AB87-42B8E329755A}.Release|Any CPU.Build.0 = Release|Any CPU
		{D539C388-3848-4A3E-AB87-42B8E329755A}.Release|Mixed Platforms.ActiveCfg = Release|Any CPU
		{D539C388-3848-4A3E-AB87-42B8E329755A}.Release|Mixed Platforms.Build.0 = Release|Any CPU
		{D539C388-3848-4A3E-AB87-42B8E329755A}.Release|x86.ActiveCfg = Release|Any CPU
		{D539C388-3848-4A3E-AB87-42B8E329755A}.Test|Any CPU.ActiveCfg = DebugWithTest|Any CPU
		{D539C388-3848-4A3E-AB87-42B8E329755A}.Test|Any CPU.Build.0 = DebugWithTest|Any CPU
		{D539C388-3848-4A3E-AB87-42B8E329755A}.Test|Mixed Platforms.ActiveCfg = FitNesse|Any CPU
		{D539C388-3848-4A3E-AB87-42B8E329755A}.Test|Mixed Platforms.Build.0 = FitNesse|Any CPU
		{D539C388-3848-4A3E-AB87-42B8E329755A}.Test|x86.ActiveCfg = FitNesse|Any CPU
		{98B26AD8-D160-462B-B70F-982D8701154A}.Build Setup|Any CPU.ActiveCfg = FitNesse|Any CPU
		{98B26AD8-D160-462B-B70F-982D8701154A}.Build Setup|Any CPU.Build.0 = FitNesse|Any CPU
		{98B26AD8-D160-462B-B70F-982D8701154A}.Build Setup|Mixed Platforms.ActiveCfg = Test|Any CPU
		{98B26AD8-D160-462B-B70F-982D8701154A}.Build Setup|Mixed Platforms.Build.0 = Test|Any CPU
		{98B26AD8-D160-462B-B70F-982D8701154A}.Build Setup|x86.ActiveCfg = Test|Any CPU
		{98B26AD8-D160-462B-B70F-982D8701154A}.Debug|Any CPU.ActiveCfg = Debug|Any CPU
		{98B26AD8-D160-462B-B70F-982D8701154A}.Debug|Any CPU.Build.0 = Debug|Any CPU
		{98B26AD8-D160-462B-B70F-982D8701154A}.Debug|Mixed Platforms.ActiveCfg = Debug|Any CPU
		{98B26AD8-D160-462B-B70F-982D8701154A}.Debug|Mixed Platforms.Build.0 = Debug|Any CPU
		{98B26AD8-D160-462B-B70F-982D8701154A}.Debug|x86.ActiveCfg = Debug|Any CPU
		{98B26AD8-D160-462B-B70F-982D8701154A}.DebugWithoutTest|Any CPU.ActiveCfg = DebugWithTest|Any CPU
		{98B26AD8-D160-462B-B70F-982D8701154A}.DebugWithoutTest|Any CPU.Build.0 = DebugWithTest|Any CPU
		{98B26AD8-D160-462B-B70F-982D8701154A}.DebugWithoutTest|Mixed Platforms.ActiveCfg = DebugWithTest|Any CPU
		{98B26AD8-D160-462B-B70F-982D8701154A}.DebugWithoutTest|Mixed Platforms.Build.0 = DebugWithTest|Any CPU
		{98B26AD8-D160-462B-B70F-982D8701154A}.DebugWithoutTest|x86.ActiveCfg = DebugWithTest|Any CPU
		{98B26AD8-D160-462B-B70F-982D8701154A}.DebugWithTest|Any CPU.ActiveCfg = DebugWithTest|Any CPU
		{98B26AD8-D160-462B-B70F-982D8701154A}.DebugWithTest|Any CPU.Build.0 = DebugWithTest|Any CPU
		{98B26AD8-D160-462B-B70F-982D8701154A}.DebugWithTest|Mixed Platforms.ActiveCfg = DebugWithTest|Any CPU
		{98B26AD8-D160-462B-B70F-982D8701154A}.DebugWithTest|Mixed Platforms.Build.0 = DebugWithTest|Any CPU
		{98B26AD8-D160-462B-B70F-982D8701154A}.DebugWithTest|x86.ActiveCfg = DebugWithTest|Any CPU
		{98B26AD8-D160-462B-B70F-982D8701154A}.FitNesse|Any CPU.ActiveCfg = FitNesse|Any CPU
		{98B26AD8-D160-462B-B70F-982D8701154A}.FitNesse|Any CPU.Build.0 = FitNesse|Any CPU
		{98B26AD8-D160-462B-B70F-982D8701154A}.FitNesse|Mixed Platforms.ActiveCfg = FitNesse|Any CPU
		{98B26AD8-D160-462B-B70F-982D8701154A}.FitNesse|Mixed Platforms.Build.0 = FitNesse|Any CPU
		{98B26AD8-D160-462B-B70F-982D8701154A}.FitNesse|x86.ActiveCfg = FitNesse|Any CPU
		{98B26AD8-D160-462B-B70F-982D8701154A}.Release|Any CPU.ActiveCfg = Release|Any CPU
		{98B26AD8-D160-462B-B70F-982D8701154A}.Release|Any CPU.Build.0 = Release|Any CPU
		{98B26AD8-D160-462B-B70F-982D8701154A}.Release|Mixed Platforms.ActiveCfg = Release|Any CPU
		{98B26AD8-D160-462B-B70F-982D8701154A}.Release|Mixed Platforms.Build.0 = Release|Any CPU
		{98B26AD8-D160-462B-B70F-982D8701154A}.Release|x86.ActiveCfg = Release|Any CPU
		{98B26AD8-D160-462B-B70F-982D8701154A}.Test|Any CPU.ActiveCfg = Test|Any CPU
		{98B26AD8-D160-462B-B70F-982D8701154A}.Test|Any CPU.Build.0 = Test|Any CPU
		{98B26AD8-D160-462B-B70F-982D8701154A}.Test|Mixed Platforms.ActiveCfg = Test|Any CPU
		{98B26AD8-D160-462B-B70F-982D8701154A}.Test|Mixed Platforms.Build.0 = Test|Any CPU
		{98B26AD8-D160-462B-B70F-982D8701154A}.Test|x86.ActiveCfg = Test|Any CPU
		{098C8842-6538-4B87-8851-BB1B1FA379FE}.Build Setup|Any CPU.ActiveCfg = FitNesse|Any CPU
		{098C8842-6538-4B87-8851-BB1B1FA379FE}.Build Setup|Any CPU.Build.0 = FitNesse|Any CPU
		{098C8842-6538-4B87-8851-BB1B1FA379FE}.Build Setup|Mixed Platforms.ActiveCfg = Test|Any CPU
		{098C8842-6538-4B87-8851-BB1B1FA379FE}.Build Setup|Mixed Platforms.Build.0 = Test|Any CPU
		{098C8842-6538-4B87-8851-BB1B1FA379FE}.Build Setup|x86.ActiveCfg = Test|Any CPU
		{098C8842-6538-4B87-8851-BB1B1FA379FE}.Debug|Any CPU.ActiveCfg = Debug|Any CPU
		{098C8842-6538-4B87-8851-BB1B1FA379FE}.Debug|Any CPU.Build.0 = Debug|Any CPU
		{098C8842-6538-4B87-8851-BB1B1FA379FE}.Debug|Mixed Platforms.ActiveCfg = Debug|Any CPU
		{098C8842-6538-4B87-8851-BB1B1FA379FE}.Debug|Mixed Platforms.Build.0 = Debug|Any CPU
		{098C8842-6538-4B87-8851-BB1B1FA379FE}.Debug|x86.ActiveCfg = Debug|Any CPU
		{098C8842-6538-4B87-8851-BB1B1FA379FE}.DebugWithoutTest|Any CPU.ActiveCfg = DebugWithTest|Any CPU
		{098C8842-6538-4B87-8851-BB1B1FA379FE}.DebugWithoutTest|Any CPU.Build.0 = DebugWithTest|Any CPU
		{098C8842-6538-4B87-8851-BB1B1FA379FE}.DebugWithoutTest|Mixed Platforms.ActiveCfg = DebugWithTest|Any CPU
		{098C8842-6538-4B87-8851-BB1B1FA379FE}.DebugWithoutTest|Mixed Platforms.Build.0 = DebugWithTest|Any CPU
		{098C8842-6538-4B87-8851-BB1B1FA379FE}.DebugWithoutTest|x86.ActiveCfg = DebugWithTest|Any CPU
		{098C8842-6538-4B87-8851-BB1B1FA379FE}.DebugWithTest|Any CPU.ActiveCfg = DebugWithTest|Any CPU
		{098C8842-6538-4B87-8851-BB1B1FA379FE}.DebugWithTest|Any CPU.Build.0 = DebugWithTest|Any CPU
		{098C8842-6538-4B87-8851-BB1B1FA379FE}.DebugWithTest|Mixed Platforms.ActiveCfg = DebugWithTest|Any CPU
		{098C8842-6538-4B87-8851-BB1B1FA379FE}.DebugWithTest|Mixed Platforms.Build.0 = DebugWithTest|Any CPU
		{098C8842-6538-4B87-8851-BB1B1FA379FE}.DebugWithTest|x86.ActiveCfg = DebugWithTest|Any CPU
		{098C8842-6538-4B87-8851-BB1B1FA379FE}.FitNesse|Any CPU.ActiveCfg = FitNesse|Any CPU
		{098C8842-6538-4B87-8851-BB1B1FA379FE}.FitNesse|Any CPU.Build.0 = FitNesse|Any CPU
		{098C8842-6538-4B87-8851-BB1B1FA379FE}.FitNesse|Mixed Platforms.ActiveCfg = FitNesse|Any CPU
		{098C8842-6538-4B87-8851-BB1B1FA379FE}.FitNesse|Mixed Platforms.Build.0 = FitNesse|Any CPU
		{098C8842-6538-4B87-8851-BB1B1FA379FE}.FitNesse|x86.ActiveCfg = FitNesse|Any CPU
		{098C8842-6538-4B87-8851-BB1B1FA379FE}.Release|Any CPU.ActiveCfg = Release|Any CPU
		{098C8842-6538-4B87-8851-BB1B1FA379FE}.Release|Any CPU.Build.0 = Release|Any CPU
		{098C8842-6538-4B87-8851-BB1B1FA379FE}.Release|Mixed Platforms.ActiveCfg = Release|Any CPU
		{098C8842-6538-4B87-8851-BB1B1FA379FE}.Release|Mixed Platforms.Build.0 = Release|Any CPU
		{098C8842-6538-4B87-8851-BB1B1FA379FE}.Release|x86.ActiveCfg = Release|Any CPU
		{098C8842-6538-4B87-8851-BB1B1FA379FE}.Test|Any CPU.ActiveCfg = Test|Any CPU
		{098C8842-6538-4B87-8851-BB1B1FA379FE}.Test|Any CPU.Build.0 = Test|Any CPU
		{098C8842-6538-4B87-8851-BB1B1FA379FE}.Test|Mixed Platforms.ActiveCfg = Test|Any CPU
		{098C8842-6538-4B87-8851-BB1B1FA379FE}.Test|Mixed Platforms.Build.0 = Test|Any CPU
		{098C8842-6538-4B87-8851-BB1B1FA379FE}.Test|x86.ActiveCfg = Test|Any CPU
		{963A6B8B-779C-4052-B39A-8ABBFBF16C1A}.Build Setup|Any CPU.ActiveCfg = FitNesse|Any CPU
		{963A6B8B-779C-4052-B39A-8ABBFBF16C1A}.Build Setup|Any CPU.Build.0 = FitNesse|Any CPU
		{963A6B8B-779C-4052-B39A-8ABBFBF16C1A}.Build Setup|Mixed Platforms.ActiveCfg = FitNesse|Any CPU
		{963A6B8B-779C-4052-B39A-8ABBFBF16C1A}.Build Setup|Mixed Platforms.Build.0 = FitNesse|Any CPU
		{963A6B8B-779C-4052-B39A-8ABBFBF16C1A}.Build Setup|x86.ActiveCfg = FitNesse|Any CPU
		{963A6B8B-779C-4052-B39A-8ABBFBF16C1A}.Debug|Any CPU.ActiveCfg = Debug|Any CPU
		{963A6B8B-779C-4052-B39A-8ABBFBF16C1A}.Debug|Any CPU.Build.0 = Debug|Any CPU
		{963A6B8B-779C-4052-B39A-8ABBFBF16C1A}.Debug|Mixed Platforms.ActiveCfg = Debug|Any CPU
		{963A6B8B-779C-4052-B39A-8ABBFBF16C1A}.Debug|Mixed Platforms.Build.0 = Debug|Any CPU
		{963A6B8B-779C-4052-B39A-8ABBFBF16C1A}.Debug|x86.ActiveCfg = Debug|Any CPU
		{963A6B8B-779C-4052-B39A-8ABBFBF16C1A}.DebugWithoutTest|Any CPU.ActiveCfg = DebugWithTest|Any CPU
		{963A6B8B-779C-4052-B39A-8ABBFBF16C1A}.DebugWithoutTest|Any CPU.Build.0 = DebugWithTest|Any CPU
		{963A6B8B-779C-4052-B39A-8ABBFBF16C1A}.DebugWithoutTest|Mixed Platforms.ActiveCfg = DebugWithTest|Any CPU
		{963A6B8B-779C-4052-B39A-8ABBFBF16C1A}.DebugWithoutTest|Mixed Platforms.Build.0 = DebugWithTest|Any CPU
		{963A6B8B-779C-4052-B39A-8ABBFBF16C1A}.DebugWithoutTest|x86.ActiveCfg = DebugWithTest|Any CPU
		{963A6B8B-779C-4052-B39A-8ABBFBF16C1A}.DebugWithTest|Any CPU.ActiveCfg = DebugWithTest|Any CPU
		{963A6B8B-779C-4052-B39A-8ABBFBF16C1A}.DebugWithTest|Any CPU.Build.0 = DebugWithTest|Any CPU
		{963A6B8B-779C-4052-B39A-8ABBFBF16C1A}.DebugWithTest|Mixed Platforms.ActiveCfg = DebugWithTest|Any CPU
		{963A6B8B-779C-4052-B39A-8ABBFBF16C1A}.DebugWithTest|Mixed Platforms.Build.0 = DebugWithTest|Any CPU
		{963A6B8B-779C-4052-B39A-8ABBFBF16C1A}.DebugWithTest|x86.ActiveCfg = DebugWithTest|Any CPU
		{963A6B8B-779C-4052-B39A-8ABBFBF16C1A}.FitNesse|Any CPU.ActiveCfg = FitNesse|Any CPU
		{963A6B8B-779C-4052-B39A-8ABBFBF16C1A}.FitNesse|Any CPU.Build.0 = FitNesse|Any CPU
		{963A6B8B-779C-4052-B39A-8ABBFBF16C1A}.FitNesse|Mixed Platforms.ActiveCfg = FitNesse|Any CPU
		{963A6B8B-779C-4052-B39A-8ABBFBF16C1A}.FitNesse|Mixed Platforms.Build.0 = FitNesse|Any CPU
		{963A6B8B-779C-4052-B39A-8ABBFBF16C1A}.FitNesse|x86.ActiveCfg = FitNesse|Any CPU
		{963A6B8B-779C-4052-B39A-8ABBFBF16C1A}.Release|Any CPU.ActiveCfg = Release|Any CPU
		{963A6B8B-779C-4052-B39A-8ABBFBF16C1A}.Release|Any CPU.Build.0 = Release|Any CPU
		{963A6B8B-779C-4052-B39A-8ABBFBF16C1A}.Release|Mixed Platforms.ActiveCfg = Release|Any CPU
		{963A6B8B-779C-4052-B39A-8ABBFBF16C1A}.Release|Mixed Platforms.Build.0 = Release|Any CPU
		{963A6B8B-779C-4052-B39A-8ABBFBF16C1A}.Release|x86.ActiveCfg = Release|Any CPU
		{963A6B8B-779C-4052-B39A-8ABBFBF16C1A}.Test|Any CPU.ActiveCfg = DebugWithTest|Any CPU
		{963A6B8B-779C-4052-B39A-8ABBFBF16C1A}.Test|Any CPU.Build.0 = DebugWithTest|Any CPU
		{963A6B8B-779C-4052-B39A-8ABBFBF16C1A}.Test|Mixed Platforms.ActiveCfg = FitNesse|Any CPU
		{963A6B8B-779C-4052-B39A-8ABBFBF16C1A}.Test|Mixed Platforms.Build.0 = FitNesse|Any CPU
		{963A6B8B-779C-4052-B39A-8ABBFBF16C1A}.Test|x86.ActiveCfg = FitNesse|Any CPU
		{1644EDA1-7196-4197-B752-A4D14F384E31}.Build Setup|Any CPU.ActiveCfg = FitNesse|Any CPU
		{1644EDA1-7196-4197-B752-A4D14F384E31}.Build Setup|Any CPU.Build.0 = FitNesse|Any CPU
		{1644EDA1-7196-4197-B752-A4D14F384E31}.Build Setup|Mixed Platforms.ActiveCfg = FitNesse|Any CPU
		{1644EDA1-7196-4197-B752-A4D14F384E31}.Build Setup|Mixed Platforms.Build.0 = FitNesse|Any CPU
		{1644EDA1-7196-4197-B752-A4D14F384E31}.Build Setup|x86.ActiveCfg = FitNesse|Any CPU
		{1644EDA1-7196-4197-B752-A4D14F384E31}.Debug|Any CPU.ActiveCfg = Debug|Any CPU
		{1644EDA1-7196-4197-B752-A4D14F384E31}.Debug|Any CPU.Build.0 = Debug|Any CPU
		{1644EDA1-7196-4197-B752-A4D14F384E31}.Debug|Mixed Platforms.ActiveCfg = Debug|Any CPU
		{1644EDA1-7196-4197-B752-A4D14F384E31}.Debug|Mixed Platforms.Build.0 = Debug|Any CPU
		{1644EDA1-7196-4197-B752-A4D14F384E31}.Debug|x86.ActiveCfg = Debug|Any CPU
		{1644EDA1-7196-4197-B752-A4D14F384E31}.DebugWithoutTest|Any CPU.ActiveCfg = DebugWithTest|Any CPU
		{1644EDA1-7196-4197-B752-A4D14F384E31}.DebugWithoutTest|Any CPU.Build.0 = DebugWithTest|Any CPU
		{1644EDA1-7196-4197-B752-A4D14F384E31}.DebugWithoutTest|Mixed Platforms.ActiveCfg = DebugWithTest|Any CPU
		{1644EDA1-7196-4197-B752-A4D14F384E31}.DebugWithoutTest|Mixed Platforms.Build.0 = DebugWithTest|Any CPU
		{1644EDA1-7196-4197-B752-A4D14F384E31}.DebugWithoutTest|x86.ActiveCfg = DebugWithTest|Any CPU
		{1644EDA1-7196-4197-B752-A4D14F384E31}.DebugWithTest|Any CPU.ActiveCfg = DebugWithTest|Any CPU
		{1644EDA1-7196-4197-B752-A4D14F384E31}.DebugWithTest|Any CPU.Build.0 = DebugWithTest|Any CPU
		{1644EDA1-7196-4197-B752-A4D14F384E31}.DebugWithTest|Mixed Platforms.ActiveCfg = DebugWithTest|Any CPU
		{1644EDA1-7196-4197-B752-A4D14F384E31}.DebugWithTest|Mixed Platforms.Build.0 = DebugWithTest|Any CPU
		{1644EDA1-7196-4197-B752-A4D14F384E31}.DebugWithTest|x86.ActiveCfg = DebugWithTest|Any CPU
		{1644EDA1-7196-4197-B752-A4D14F384E31}.FitNesse|Any CPU.ActiveCfg = FitNesse|Any CPU
		{1644EDA1-7196-4197-B752-A4D14F384E31}.FitNesse|Any CPU.Build.0 = FitNesse|Any CPU
		{1644EDA1-7196-4197-B752-A4D14F384E31}.FitNesse|Mixed Platforms.ActiveCfg = FitNesse|Any CPU
		{1644EDA1-7196-4197-B752-A4D14F384E31}.FitNesse|Mixed Platforms.Build.0 = FitNesse|Any CPU
		{1644EDA1-7196-4197-B752-A4D14F384E31}.FitNesse|x86.ActiveCfg = FitNesse|Any CPU
		{1644EDA1-7196-4197-B752-A4D14F384E31}.Release|Any CPU.ActiveCfg = Release|Any CPU
		{1644EDA1-7196-4197-B752-A4D14F384E31}.Release|Any CPU.Build.0 = Release|Any CPU
		{1644EDA1-7196-4197-B752-A4D14F384E31}.Release|Mixed Platforms.ActiveCfg = Release|Any CPU
		{1644EDA1-7196-4197-B752-A4D14F384E31}.Release|Mixed Platforms.Build.0 = Release|Any CPU
		{1644EDA1-7196-4197-B752-A4D14F384E31}.Release|x86.ActiveCfg = Release|Any CPU
		{1644EDA1-7196-4197-B752-A4D14F384E31}.Test|Any CPU.ActiveCfg = DebugWithTest|Any CPU
		{1644EDA1-7196-4197-B752-A4D14F384E31}.Test|Any CPU.Build.0 = DebugWithTest|Any CPU
		{1644EDA1-7196-4197-B752-A4D14F384E31}.Test|Mixed Platforms.ActiveCfg = FitNesse|Any CPU
		{1644EDA1-7196-4197-B752-A4D14F384E31}.Test|Mixed Platforms.Build.0 = FitNesse|Any CPU
		{1644EDA1-7196-4197-B752-A4D14F384E31}.Test|x86.ActiveCfg = FitNesse|Any CPU
		{A859D97A-51FB-4961-AF07-5856640511AF}.Build Setup|Any CPU.ActiveCfg = FitNesse|Any CPU
		{A859D97A-51FB-4961-AF07-5856640511AF}.Build Setup|Any CPU.Build.0 = FitNesse|Any CPU
		{A859D97A-51FB-4961-AF07-5856640511AF}.Build Setup|Mixed Platforms.ActiveCfg = FitNesse|Any CPU
		{A859D97A-51FB-4961-AF07-5856640511AF}.Build Setup|Mixed Platforms.Build.0 = FitNesse|Any CPU
		{A859D97A-51FB-4961-AF07-5856640511AF}.Build Setup|x86.ActiveCfg = FitNesse|Any CPU
		{A859D97A-51FB-4961-AF07-5856640511AF}.Debug|Any CPU.ActiveCfg = Debug|Any CPU
		{A859D97A-51FB-4961-AF07-5856640511AF}.Debug|Any CPU.Build.0 = Debug|Any CPU
		{A859D97A-51FB-4961-AF07-5856640511AF}.Debug|Mixed Platforms.ActiveCfg = Debug|Any CPU
		{A859D97A-51FB-4961-AF07-5856640511AF}.Debug|Mixed Platforms.Build.0 = Debug|Any CPU
		{A859D97A-51FB-4961-AF07-5856640511AF}.Debug|x86.ActiveCfg = Debug|Any CPU
		{A859D97A-51FB-4961-AF07-5856640511AF}.DebugWithoutTest|Any CPU.ActiveCfg = DebugWithTest|Any CPU
		{A859D97A-51FB-4961-AF07-5856640511AF}.DebugWithoutTest|Any CPU.Build.0 = DebugWithTest|Any CPU
		{A859D97A-51FB-4961-AF07-5856640511AF}.DebugWithoutTest|Mixed Platforms.ActiveCfg = DebugWithTest|Any CPU
		{A859D97A-51FB-4961-AF07-5856640511AF}.DebugWithoutTest|Mixed Platforms.Build.0 = DebugWithTest|Any CPU
		{A859D97A-51FB-4961-AF07-5856640511AF}.DebugWithoutTest|x86.ActiveCfg = DebugWithTest|Any CPU
		{A859D97A-51FB-4961-AF07-5856640511AF}.DebugWithTest|Any CPU.ActiveCfg = DebugWithTest|Any CPU
		{A859D97A-51FB-4961-AF07-5856640511AF}.DebugWithTest|Any CPU.Build.0 = DebugWithTest|Any CPU
		{A859D97A-51FB-4961-AF07-5856640511AF}.DebugWithTest|Mixed Platforms.ActiveCfg = DebugWithTest|Any CPU
		{A859D97A-51FB-4961-AF07-5856640511AF}.DebugWithTest|Mixed Platforms.Build.0 = DebugWithTest|Any CPU
		{A859D97A-51FB-4961-AF07-5856640511AF}.DebugWithTest|x86.ActiveCfg = DebugWithTest|Any CPU
		{A859D97A-51FB-4961-AF07-5856640511AF}.FitNesse|Any CPU.ActiveCfg = FitNesse|Any CPU
		{A859D97A-51FB-4961-AF07-5856640511AF}.FitNesse|Any CPU.Build.0 = FitNesse|Any CPU
		{A859D97A-51FB-4961-AF07-5856640511AF}.FitNesse|Mixed Platforms.ActiveCfg = FitNesse|Any CPU
		{A859D97A-51FB-4961-AF07-5856640511AF}.FitNesse|Mixed Platforms.Build.0 = FitNesse|Any CPU
		{A859D97A-51FB-4961-AF07-5856640511AF}.FitNesse|x86.ActiveCfg = FitNesse|Any CPU
		{A859D97A-51FB-4961-AF07-5856640511AF}.Release|Any CPU.ActiveCfg = Release|Any CPU
		{A859D97A-51FB-4961-AF07-5856640511AF}.Release|Any CPU.Build.0 = Release|Any CPU
		{A859D97A-51FB-4961-AF07-5856640511AF}.Release|Mixed Platforms.ActiveCfg = Release|Any CPU
		{A859D97A-51FB-4961-AF07-5856640511AF}.Release|Mixed Platforms.Build.0 = Release|Any CPU
		{A859D97A-51FB-4961-AF07-5856640511AF}.Release|x86.ActiveCfg = Release|Any CPU
		{A859D97A-51FB-4961-AF07-5856640511AF}.Test|Any CPU.ActiveCfg = DebugWithTest|Any CPU
		{A859D97A-51FB-4961-AF07-5856640511AF}.Test|Any CPU.Build.0 = DebugWithTest|Any CPU
		{A859D97A-51FB-4961-AF07-5856640511AF}.Test|Mixed Platforms.ActiveCfg = FitNesse|Any CPU
		{A859D97A-51FB-4961-AF07-5856640511AF}.Test|Mixed Platforms.Build.0 = FitNesse|Any CPU
		{A859D97A-51FB-4961-AF07-5856640511AF}.Test|x86.ActiveCfg = FitNesse|Any CPU
		{B3288E21-E5A9-4620-BEF3-AFB0B207655C}.Build Setup|Any CPU.ActiveCfg = FitNesse|Any CPU
		{B3288E21-E5A9-4620-BEF3-AFB0B207655C}.Build Setup|Any CPU.Build.0 = FitNesse|Any CPU
		{B3288E21-E5A9-4620-BEF3-AFB0B207655C}.Build Setup|Mixed Platforms.ActiveCfg = FitNesse|Any CPU
		{B3288E21-E5A9-4620-BEF3-AFB0B207655C}.Build Setup|Mixed Platforms.Build.0 = FitNesse|Any CPU
		{B3288E21-E5A9-4620-BEF3-AFB0B207655C}.Build Setup|x86.ActiveCfg = FitNesse|Any CPU
		{B3288E21-E5A9-4620-BEF3-AFB0B207655C}.Debug|Any CPU.ActiveCfg = Debug|Any CPU
		{B3288E21-E5A9-4620-BEF3-AFB0B207655C}.Debug|Any CPU.Build.0 = Debug|Any CPU
		{B3288E21-E5A9-4620-BEF3-AFB0B207655C}.Debug|Mixed Platforms.ActiveCfg = Debug|Any CPU
		{B3288E21-E5A9-4620-BEF3-AFB0B207655C}.Debug|Mixed Platforms.Build.0 = Debug|Any CPU
		{B3288E21-E5A9-4620-BEF3-AFB0B207655C}.Debug|x86.ActiveCfg = Debug|Any CPU
		{B3288E21-E5A9-4620-BEF3-AFB0B207655C}.DebugWithoutTest|Any CPU.ActiveCfg = DebugWithTest|Any CPU
		{B3288E21-E5A9-4620-BEF3-AFB0B207655C}.DebugWithoutTest|Any CPU.Build.0 = DebugWithTest|Any CPU
		{B3288E21-E5A9-4620-BEF3-AFB0B207655C}.DebugWithoutTest|Mixed Platforms.ActiveCfg = DebugWithTest|Any CPU
		{B3288E21-E5A9-4620-BEF3-AFB0B207655C}.DebugWithoutTest|Mixed Platforms.Build.0 = DebugWithTest|Any CPU
		{B3288E21-E5A9-4620-BEF3-AFB0B207655C}.DebugWithoutTest|x86.ActiveCfg = DebugWithTest|Any CPU
		{B3288E21-E5A9-4620-BEF3-AFB0B207655C}.DebugWithTest|Any CPU.ActiveCfg = DebugWithTest|Any CPU
		{B3288E21-E5A9-4620-BEF3-AFB0B207655C}.DebugWithTest|Any CPU.Build.0 = DebugWithTest|Any CPU
		{B3288E21-E5A9-4620-BEF3-AFB0B207655C}.DebugWithTest|Mixed Platforms.ActiveCfg = DebugWithTest|Any CPU
		{B3288E21-E5A9-4620-BEF3-AFB0B207655C}.DebugWithTest|Mixed Platforms.Build.0 = DebugWithTest|Any CPU
		{B3288E21-E5A9-4620-BEF3-AFB0B207655C}.DebugWithTest|x86.ActiveCfg = DebugWithTest|Any CPU
		{B3288E21-E5A9-4620-BEF3-AFB0B207655C}.FitNesse|Any CPU.ActiveCfg = FitNesse|Any CPU
		{B3288E21-E5A9-4620-BEF3-AFB0B207655C}.FitNesse|Any CPU.Build.0 = FitNesse|Any CPU
		{B3288E21-E5A9-4620-BEF3-AFB0B207655C}.FitNesse|Mixed Platforms.ActiveCfg = FitNesse|Any CPU
		{B3288E21-E5A9-4620-BEF3-AFB0B207655C}.FitNesse|Mixed Platforms.Build.0 = FitNesse|Any CPU
		{B3288E21-E5A9-4620-BEF3-AFB0B207655C}.FitNesse|x86.ActiveCfg = FitNesse|Any CPU
		{B3288E21-E5A9-4620-BEF3-AFB0B207655C}.Release|Any CPU.ActiveCfg = Release|Any CPU
		{B3288E21-E5A9-4620-BEF3-AFB0B207655C}.Release|Any CPU.Build.0 = Release|Any CPU
		{B3288E21-E5A9-4620-BEF3-AFB0B207655C}.Release|Mixed Platforms.ActiveCfg = Release|Any CPU
		{B3288E21-E5A9-4620-BEF3-AFB0B207655C}.Release|Mixed Platforms.Build.0 = Release|Any CPU
		{B3288E21-E5A9-4620-BEF3-AFB0B207655C}.Release|x86.ActiveCfg = Release|Any CPU
		{B3288E21-E5A9-4620-BEF3-AFB0B207655C}.Test|Any CPU.ActiveCfg = DebugWithTest|Any CPU
		{B3288E21-E5A9-4620-BEF3-AFB0B207655C}.Test|Any CPU.Build.0 = DebugWithTest|Any CPU
		{B3288E21-E5A9-4620-BEF3-AFB0B207655C}.Test|Mixed Platforms.ActiveCfg = FitNesse|Any CPU
		{B3288E21-E5A9-4620-BEF3-AFB0B207655C}.Test|Mixed Platforms.Build.0 = FitNesse|Any CPU
		{B3288E21-E5A9-4620-BEF3-AFB0B207655C}.Test|x86.ActiveCfg = FitNesse|Any CPU
		{D63E15B6-24DF-4C27-8593-EFACE31FA52A}.Build Setup|Any CPU.ActiveCfg = Release|Any CPU
		{D63E15B6-24DF-4C27-8593-EFACE31FA52A}.Build Setup|Any CPU.Build.0 = Release|Any CPU
		{D63E15B6-24DF-4C27-8593-EFACE31FA52A}.Build Setup|Mixed Platforms.ActiveCfg = Release|Any CPU
		{D63E15B6-24DF-4C27-8593-EFACE31FA52A}.Build Setup|Mixed Platforms.Build.0 = Release|Any CPU
		{D63E15B6-24DF-4C27-8593-EFACE31FA52A}.Build Setup|x86.ActiveCfg = Release|Any CPU
		{D63E15B6-24DF-4C27-8593-EFACE31FA52A}.Debug|Any CPU.ActiveCfg = Debug|Any CPU
		{D63E15B6-24DF-4C27-8593-EFACE31FA52A}.Debug|Any CPU.Build.0 = Debug|Any CPU
		{D63E15B6-24DF-4C27-8593-EFACE31FA52A}.Debug|Mixed Platforms.ActiveCfg = Debug|Any CPU
		{D63E15B6-24DF-4C27-8593-EFACE31FA52A}.Debug|Mixed Platforms.Build.0 = Debug|Any CPU
		{D63E15B6-24DF-4C27-8593-EFACE31FA52A}.Debug|x86.ActiveCfg = Debug|Any CPU
		{D63E15B6-24DF-4C27-8593-EFACE31FA52A}.DebugWithoutTest|Any CPU.ActiveCfg = Debug|Any CPU
		{D63E15B6-24DF-4C27-8593-EFACE31FA52A}.DebugWithoutTest|Any CPU.Build.0 = Debug|Any CPU
		{D63E15B6-24DF-4C27-8593-EFACE31FA52A}.DebugWithoutTest|Mixed Platforms.ActiveCfg = Debug|Any CPU
		{D63E15B6-24DF-4C27-8593-EFACE31FA52A}.DebugWithoutTest|Mixed Platforms.Build.0 = Debug|Any CPU
		{D63E15B6-24DF-4C27-8593-EFACE31FA52A}.DebugWithoutTest|x86.ActiveCfg = Debug|Any CPU
		{D63E15B6-24DF-4C27-8593-EFACE31FA52A}.DebugWithTest|Any CPU.ActiveCfg = Debug|Any CPU
		{D63E15B6-24DF-4C27-8593-EFACE31FA52A}.DebugWithTest|Any CPU.Build.0 = Debug|Any CPU
		{D63E15B6-24DF-4C27-8593-EFACE31FA52A}.DebugWithTest|Mixed Platforms.ActiveCfg = Debug|Any CPU
		{D63E15B6-24DF-4C27-8593-EFACE31FA52A}.DebugWithTest|Mixed Platforms.Build.0 = Debug|Any CPU
		{D63E15B6-24DF-4C27-8593-EFACE31FA52A}.DebugWithTest|x86.ActiveCfg = Debug|Any CPU
		{D63E15B6-24DF-4C27-8593-EFACE31FA52A}.FitNesse|Any CPU.ActiveCfg = Release|Any CPU
		{D63E15B6-24DF-4C27-8593-EFACE31FA52A}.FitNesse|Any CPU.Build.0 = Release|Any CPU
		{D63E15B6-24DF-4C27-8593-EFACE31FA52A}.FitNesse|Mixed Platforms.ActiveCfg = Release|Any CPU
		{D63E15B6-24DF-4C27-8593-EFACE31FA52A}.FitNesse|Mixed Platforms.Build.0 = Release|Any CPU
		{D63E15B6-24DF-4C27-8593-EFACE31FA52A}.FitNesse|x86.ActiveCfg = Release|Any CPU
		{D63E15B6-24DF-4C27-8593-EFACE31FA52A}.Release|Any CPU.ActiveCfg = Release|Any CPU
		{D63E15B6-24DF-4C27-8593-EFACE31FA52A}.Release|Any CPU.Build.0 = Release|Any CPU
		{D63E15B6-24DF-4C27-8593-EFACE31FA52A}.Release|Mixed Platforms.ActiveCfg = Release|Any CPU
		{D63E15B6-24DF-4C27-8593-EFACE31FA52A}.Release|Mixed Platforms.Build.0 = Release|Any CPU
		{D63E15B6-24DF-4C27-8593-EFACE31FA52A}.Release|x86.ActiveCfg = Release|Any CPU
		{D63E15B6-24DF-4C27-8593-EFACE31FA52A}.Test|Any CPU.ActiveCfg = Release|Any CPU
		{D63E15B6-24DF-4C27-8593-EFACE31FA52A}.Test|Any CPU.Build.0 = Release|Any CPU
		{D63E15B6-24DF-4C27-8593-EFACE31FA52A}.Test|Mixed Platforms.ActiveCfg = Release|Any CPU
		{D63E15B6-24DF-4C27-8593-EFACE31FA52A}.Test|Mixed Platforms.Build.0 = Release|Any CPU
		{D63E15B6-24DF-4C27-8593-EFACE31FA52A}.Test|x86.ActiveCfg = Release|Any CPU
		{A2E4E382-5796-446C-85B1-8EF306AD50DE}.Build Setup|Any CPU.ActiveCfg = Release|Any CPU
		{A2E4E382-5796-446C-85B1-8EF306AD50DE}.Build Setup|Any CPU.Build.0 = Release|Any CPU
		{A2E4E382-5796-446C-85B1-8EF306AD50DE}.Build Setup|Mixed Platforms.ActiveCfg = Release|Any CPU
		{A2E4E382-5796-446C-85B1-8EF306AD50DE}.Build Setup|Mixed Platforms.Build.0 = Release|Any CPU
		{A2E4E382-5796-446C-85B1-8EF306AD50DE}.Build Setup|x86.ActiveCfg = Release|Any CPU
		{A2E4E382-5796-446C-85B1-8EF306AD50DE}.Debug|Any CPU.ActiveCfg = Debug|Any CPU
		{A2E4E382-5796-446C-85B1-8EF306AD50DE}.Debug|Any CPU.Build.0 = Debug|Any CPU
		{A2E4E382-5796-446C-85B1-8EF306AD50DE}.Debug|Mixed Platforms.ActiveCfg = Debug|Any CPU
		{A2E4E382-5796-446C-85B1-8EF306AD50DE}.Debug|Mixed Platforms.Build.0 = Debug|Any CPU
		{A2E4E382-5796-446C-85B1-8EF306AD50DE}.Debug|x86.ActiveCfg = Debug|Any CPU
		{A2E4E382-5796-446C-85B1-8EF306AD50DE}.DebugWithoutTest|Any CPU.ActiveCfg = Debug|Any CPU
		{A2E4E382-5796-446C-85B1-8EF306AD50DE}.DebugWithoutTest|Any CPU.Build.0 = Debug|Any CPU
		{A2E4E382-5796-446C-85B1-8EF306AD50DE}.DebugWithoutTest|Mixed Platforms.ActiveCfg = Debug|Any CPU
		{A2E4E382-5796-446C-85B1-8EF306AD50DE}.DebugWithoutTest|Mixed Platforms.Build.0 = Debug|Any CPU
		{A2E4E382-5796-446C-85B1-8EF306AD50DE}.DebugWithoutTest|x86.ActiveCfg = Debug|Any CPU
		{A2E4E382-5796-446C-85B1-8EF306AD50DE}.DebugWithTest|Any CPU.ActiveCfg = Debug|Any CPU
		{A2E4E382-5796-446C-85B1-8EF306AD50DE}.DebugWithTest|Any CPU.Build.0 = Debug|Any CPU
		{A2E4E382-5796-446C-85B1-8EF306AD50DE}.DebugWithTest|Mixed Platforms.ActiveCfg = Debug|Any CPU
		{A2E4E382-5796-446C-85B1-8EF306AD50DE}.DebugWithTest|Mixed Platforms.Build.0 = Debug|Any CPU
		{A2E4E382-5796-446C-85B1-8EF306AD50DE}.DebugWithTest|x86.ActiveCfg = Debug|Any CPU
		{A2E4E382-5796-446C-85B1-8EF306AD50DE}.FitNesse|Any CPU.ActiveCfg = Release|Any CPU
		{A2E4E382-5796-446C-85B1-8EF306AD50DE}.FitNesse|Any CPU.Build.0 = Release|Any CPU
		{A2E4E382-5796-446C-85B1-8EF306AD50DE}.FitNesse|Mixed Platforms.ActiveCfg = Release|Any CPU
		{A2E4E382-5796-446C-85B1-8EF306AD50DE}.FitNesse|Mixed Platforms.Build.0 = Release|Any CPU
		{A2E4E382-5796-446C-85B1-8EF306AD50DE}.FitNesse|x86.ActiveCfg = Release|Any CPU
		{A2E4E382-5796-446C-85B1-8EF306AD50DE}.Release|Any CPU.ActiveCfg = Release|Any CPU
		{A2E4E382-5796-446C-85B1-8EF306AD50DE}.Release|Any CPU.Build.0 = Release|Any CPU
		{A2E4E382-5796-446C-85B1-8EF306AD50DE}.Release|Mixed Platforms.ActiveCfg = Release|Any CPU
		{A2E4E382-5796-446C-85B1-8EF306AD50DE}.Release|Mixed Platforms.Build.0 = Release|Any CPU
		{A2E4E382-5796-446C-85B1-8EF306AD50DE}.Release|x86.ActiveCfg = Release|Any CPU
		{A2E4E382-5796-446C-85B1-8EF306AD50DE}.Test|Any CPU.ActiveCfg = Release|Any CPU
		{A2E4E382-5796-446C-85B1-8EF306AD50DE}.Test|Any CPU.Build.0 = Release|Any CPU
		{A2E4E382-5796-446C-85B1-8EF306AD50DE}.Test|Mixed Platforms.ActiveCfg = Release|Any CPU
		{A2E4E382-5796-446C-85B1-8EF306AD50DE}.Test|Mixed Platforms.Build.0 = Release|Any CPU
		{A2E4E382-5796-446C-85B1-8EF306AD50DE}.Test|x86.ActiveCfg = Release|Any CPU
		{FD33F8F6-6E7A-478B-A34F-14A96C612D8B}.Build Setup|Any CPU.ActiveCfg = Release|Any CPU
		{FD33F8F6-6E7A-478B-A34F-14A96C612D8B}.Build Setup|Any CPU.Build.0 = Release|Any CPU
		{FD33F8F6-6E7A-478B-A34F-14A96C612D8B}.Build Setup|Mixed Platforms.ActiveCfg = Release|Any CPU
		{FD33F8F6-6E7A-478B-A34F-14A96C612D8B}.Build Setup|Mixed Platforms.Build.0 = Release|Any CPU
		{FD33F8F6-6E7A-478B-A34F-14A96C612D8B}.Build Setup|x86.ActiveCfg = Release|Any CPU
		{FD33F8F6-6E7A-478B-A34F-14A96C612D8B}.Debug|Any CPU.ActiveCfg = Debug|Any CPU
		{FD33F8F6-6E7A-478B-A34F-14A96C612D8B}.Debug|Any CPU.Build.0 = Debug|Any CPU
		{FD33F8F6-6E7A-478B-A34F-14A96C612D8B}.Debug|Mixed Platforms.ActiveCfg = Debug|Any CPU
		{FD33F8F6-6E7A-478B-A34F-14A96C612D8B}.Debug|Mixed Platforms.Build.0 = Debug|Any CPU
		{FD33F8F6-6E7A-478B-A34F-14A96C612D8B}.Debug|x86.ActiveCfg = Debug|Any CPU
		{FD33F8F6-6E7A-478B-A34F-14A96C612D8B}.DebugWithoutTest|Any CPU.ActiveCfg = Debug|Any CPU
		{FD33F8F6-6E7A-478B-A34F-14A96C612D8B}.DebugWithoutTest|Any CPU.Build.0 = Debug|Any CPU
		{FD33F8F6-6E7A-478B-A34F-14A96C612D8B}.DebugWithoutTest|Mixed Platforms.ActiveCfg = Debug|Any CPU
		{FD33F8F6-6E7A-478B-A34F-14A96C612D8B}.DebugWithoutTest|Mixed Platforms.Build.0 = Debug|Any CPU
		{FD33F8F6-6E7A-478B-A34F-14A96C612D8B}.DebugWithoutTest|x86.ActiveCfg = Debug|Any CPU
		{FD33F8F6-6E7A-478B-A34F-14A96C612D8B}.DebugWithTest|Any CPU.ActiveCfg = Debug|Any CPU
		{FD33F8F6-6E7A-478B-A34F-14A96C612D8B}.DebugWithTest|Any CPU.Build.0 = Debug|Any CPU
		{FD33F8F6-6E7A-478B-A34F-14A96C612D8B}.DebugWithTest|Mixed Platforms.ActiveCfg = Debug|Any CPU
		{FD33F8F6-6E7A-478B-A34F-14A96C612D8B}.DebugWithTest|Mixed Platforms.Build.0 = Debug|Any CPU
		{FD33F8F6-6E7A-478B-A34F-14A96C612D8B}.DebugWithTest|x86.ActiveCfg = Debug|Any CPU
		{FD33F8F6-6E7A-478B-A34F-14A96C612D8B}.FitNesse|Any CPU.ActiveCfg = Release|Any CPU
		{FD33F8F6-6E7A-478B-A34F-14A96C612D8B}.FitNesse|Any CPU.Build.0 = Release|Any CPU
		{FD33F8F6-6E7A-478B-A34F-14A96C612D8B}.FitNesse|Mixed Platforms.ActiveCfg = Release|Any CPU
		{FD33F8F6-6E7A-478B-A34F-14A96C612D8B}.FitNesse|Mixed Platforms.Build.0 = Release|Any CPU
		{FD33F8F6-6E7A-478B-A34F-14A96C612D8B}.FitNesse|x86.ActiveCfg = Release|Any CPU
		{FD33F8F6-6E7A-478B-A34F-14A96C612D8B}.Release|Any CPU.ActiveCfg = Release|Any CPU
		{FD33F8F6-6E7A-478B-A34F-14A96C612D8B}.Release|Any CPU.Build.0 = Release|Any CPU
		{FD33F8F6-6E7A-478B-A34F-14A96C612D8B}.Release|Mixed Platforms.ActiveCfg = Release|Any CPU
		{FD33F8F6-6E7A-478B-A34F-14A96C612D8B}.Release|Mixed Platforms.Build.0 = Release|Any CPU
		{FD33F8F6-6E7A-478B-A34F-14A96C612D8B}.Release|x86.ActiveCfg = Release|Any CPU
		{FD33F8F6-6E7A-478B-A34F-14A96C612D8B}.Test|Any CPU.ActiveCfg = Release|Any CPU
		{FD33F8F6-6E7A-478B-A34F-14A96C612D8B}.Test|Any CPU.Build.0 = Release|Any CPU
		{FD33F8F6-6E7A-478B-A34F-14A96C612D8B}.Test|Mixed Platforms.ActiveCfg = Release|Any CPU
		{FD33F8F6-6E7A-478B-A34F-14A96C612D8B}.Test|Mixed Platforms.Build.0 = Release|Any CPU
		{FD33F8F6-6E7A-478B-A34F-14A96C612D8B}.Test|x86.ActiveCfg = Release|Any CPU
	EndGlobalSection
	GlobalSection(SolutionProperties) = preSolution
		HideSolutionNode = FALSE
	EndGlobalSection
	GlobalSection(ExtensibilityGlobals) = postSolution
		GreenPepperConfigServerUrl = http://wiki.octopusnetwork.org
		GreenPepperConfigXmlRpcHandler = greenpepper1
	EndGlobalSection
EndGlobal
