
Microsoft Visual Studio Solution File, Format Version 12.00
# Visual Studio 2012
Project("{FAE04EC0-301F-11D3-BF4B-00C04F79EFBC}") = "OpenCBS.CoreDomain", "OpenCBS.CoreDomain\OpenCBS.CoreDomain.csproj", "{D539C388-3848-4A3E-AB87-42B8E329755A}"
EndProject
Project("{FAE04EC0-301F-11D3-BF4B-00C04F79EFBC}") = "OpenCBS.Enums", "OpenCBS.Enums\OpenCBS.Enums.csproj", "{8AFC1E87-3856-4F05-8280-5360D33C200B}"
EndProject
Project("{FAE04EC0-301F-11D3-BF4B-00C04F79EFBC}") = "OpenCBS.Shared", "OpenCBS.Shared\OpenCBS.Shared.csproj", "{B3288E21-E5A9-4620-BEF3-AFB0B207655C}"
EndProject
Project("{FAE04EC0-301F-11D3-BF4B-00C04F79EFBC}") = "OpenCBS.MultiLanguageRessources", "OpenCBS.MultiLanguage\OpenCBS.MultiLanguageRessources.csproj", "{1644EDA1-7196-4197-B752-A4D14F384E31}"
EndProject
Project("{FAE04EC0-301F-11D3-BF4B-00C04F79EFBC}") = "OpenCBS.Manager", "OpenCBS.Manager\OpenCBS.Manager.csproj", "{963A6B8B-779C-4052-B39A-8ABBFBF16C1A}"
EndProject
Project("{FAE04EC0-301F-11D3-BF4B-00C04F79EFBC}") = "OpenCBS.DatabaseConnection", "OpenCBS.ConnectionManager\OpenCBS.DatabaseConnection.csproj", "{30AF40FB-FA8B-4F5E-B41A-CA59E82BA5A0}"
EndProject
Project("{FAE04EC0-301F-11D3-BF4B-00C04F79EFBC}") = "OpenCBS.Reports", "OpenCBS.Reports\OpenCBS.Reports.csproj", "{A2E4E382-5796-446C-85B1-8EF306AD50DE}"
EndProject
Project("{FAE04EC0-301F-11D3-BF4B-00C04F79EFBC}") = "OpenCBS.Services", "OpenCBS.Services\OpenCBS.Services.csproj", "{A859D97A-51FB-4961-AF07-5856640511AF}"
EndProject
Project("{FAE04EC0-301F-11D3-BF4B-00C04F79EFBC}") = "OpenCBS.Extensions", "OpenCBS.Extensions\OpenCBS.Extensions.csproj", "{D63E15B6-24DF-4C27-8593-EFACE31FA52A}"
EndProject
Project("{FAE04EC0-301F-11D3-BF4B-00C04F79EFBC}") = "OpenCBS.Test", "OpenCBS.Test\OpenCBS.Test.csproj", "{ECE3CED4-8326-4455-A0C2-D43336EF0B32}"
EndProject
Project("{FAE04EC0-301F-11D3-BF4B-00C04F79EFBC}") = "OpenCBS.Stringifier", "OpenCBS.Stringifier\OpenCBS.Stringifier.csproj", "{FD33F8F6-6E7A-478B-A34F-14A96C612D8B}"
EndProject
Project("{FAE04EC0-301F-11D3-BF4B-00C04F79EFBC}") = "OpenCBS.ExceptionsHandler", "OpenCBS.ExceptionsHandler\OpenCBS.ExceptionsHandler.csproj", "{98B26AD8-D160-462B-B70F-982D8701154A}"
EndProject
Project("{FAE04EC0-301F-11D3-BF4B-00C04F79EFBC}") = "OpenCBS.GUI", "OpenCBS.GUI\OpenCBS.GUI.csproj", "{098C8842-6538-4B87-8851-BB1B1FA379FE}"
EndProject
Project("{FAE04EC0-301F-11D3-BF4B-00C04F79EFBC}") = "OpenCBS.GUI.Restarter", "OpenCBS.GUI.Restarter\OpenCBS.GUI.Restarter.csproj", "{90B5218E-10F0-4123-80E3-C4E65D6CF209}"
EndProject
Global
	GlobalSection(SolutionConfigurationPlatforms) = preSolution
		Debug|Any CPU = Debug|Any CPU
		DebugWithTest|Any CPU = DebugWithTest|Any CPU
		FitNesse|Any CPU = FitNesse|Any CPU
		Release|Any CPU = Release|Any CPU
		Test|Any CPU = Test|Any CPU
	EndGlobalSection
	GlobalSection(ProjectConfigurationPlatforms) = postSolution
		{D539C388-3848-4A3E-AB87-42B8E329755A}.Debug|Any CPU.ActiveCfg = Debug|Any CPU
		{D539C388-3848-4A3E-AB87-42B8E329755A}.Debug|Any CPU.Build.0 = Debug|Any CPU
		{D539C388-3848-4A3E-AB87-42B8E329755A}.DebugWithTest|Any CPU.ActiveCfg = DebugWithTest|Any CPU
		{D539C388-3848-4A3E-AB87-42B8E329755A}.DebugWithTest|Any CPU.Build.0 = DebugWithTest|Any CPU
		{D539C388-3848-4A3E-AB87-42B8E329755A}.FitNesse|Any CPU.ActiveCfg = FitNesse|Any CPU
		{D539C388-3848-4A3E-AB87-42B8E329755A}.FitNesse|Any CPU.Build.0 = FitNesse|Any CPU
		{D539C388-3848-4A3E-AB87-42B8E329755A}.Release|Any CPU.ActiveCfg = Release|Any CPU
		{D539C388-3848-4A3E-AB87-42B8E329755A}.Release|Any CPU.Build.0 = Release|Any CPU
		{D539C388-3848-4A3E-AB87-42B8E329755A}.Test|Any CPU.ActiveCfg = DebugWithTest|Any CPU
		{D539C388-3848-4A3E-AB87-42B8E329755A}.Test|Any CPU.Build.0 = DebugWithTest|Any CPU
		{8AFC1E87-3856-4F05-8280-5360D33C200B}.Debug|Any CPU.ActiveCfg = Debug|Any CPU
		{8AFC1E87-3856-4F05-8280-5360D33C200B}.Debug|Any CPU.Build.0 = Debug|Any CPU
		{8AFC1E87-3856-4F05-8280-5360D33C200B}.DebugWithTest|Any CPU.ActiveCfg = Debug|Any CPU
		{8AFC1E87-3856-4F05-8280-5360D33C200B}.DebugWithTest|Any CPU.Build.0 = Debug|Any CPU
		{8AFC1E87-3856-4F05-8280-5360D33C200B}.FitNesse|Any CPU.ActiveCfg = Release|Any CPU
		{8AFC1E87-3856-4F05-8280-5360D33C200B}.FitNesse|Any CPU.Build.0 = Release|Any CPU
		{8AFC1E87-3856-4F05-8280-5360D33C200B}.Release|Any CPU.ActiveCfg = Release|Any CPU
		{8AFC1E87-3856-4F05-8280-5360D33C200B}.Release|Any CPU.Build.0 = Release|Any CPU
		{8AFC1E87-3856-4F05-8280-5360D33C200B}.Test|Any CPU.ActiveCfg = Release|Any CPU
		{8AFC1E87-3856-4F05-8280-5360D33C200B}.Test|Any CPU.Build.0 = Release|Any CPU
		{B3288E21-E5A9-4620-BEF3-AFB0B207655C}.Debug|Any CPU.ActiveCfg = Debug|Any CPU
		{B3288E21-E5A9-4620-BEF3-AFB0B207655C}.Debug|Any CPU.Build.0 = Debug|Any CPU
		{B3288E21-E5A9-4620-BEF3-AFB0B207655C}.DebugWithTest|Any CPU.ActiveCfg = DebugWithTest|Any CPU
		{B3288E21-E5A9-4620-BEF3-AFB0B207655C}.DebugWithTest|Any CPU.Build.0 = DebugWithTest|Any CPU
		{B3288E21-E5A9-4620-BEF3-AFB0B207655C}.FitNesse|Any CPU.ActiveCfg = FitNesse|Any CPU
		{B3288E21-E5A9-4620-BEF3-AFB0B207655C}.FitNesse|Any CPU.Build.0 = FitNesse|Any CPU
		{B3288E21-E5A9-4620-BEF3-AFB0B207655C}.Release|Any CPU.ActiveCfg = Release|Any CPU
		{B3288E21-E5A9-4620-BEF3-AFB0B207655C}.Release|Any CPU.Build.0 = Release|Any CPU
		{B3288E21-E5A9-4620-BEF3-AFB0B207655C}.Test|Any CPU.ActiveCfg = DebugWithTest|Any CPU
		{B3288E21-E5A9-4620-BEF3-AFB0B207655C}.Test|Any CPU.Build.0 = DebugWithTest|Any CPU
		{1644EDA1-7196-4197-B752-A4D14F384E31}.Debug|Any CPU.ActiveCfg = Debug|Any CPU
		{1644EDA1-7196-4197-B752-A4D14F384E31}.Debug|Any CPU.Build.0 = Debug|Any CPU
		{1644EDA1-7196-4197-B752-A4D14F384E31}.DebugWithTest|Any CPU.ActiveCfg = DebugWithTest|Any CPU
		{1644EDA1-7196-4197-B752-A4D14F384E31}.DebugWithTest|Any CPU.Build.0 = DebugWithTest|Any CPU
		{1644EDA1-7196-4197-B752-A4D14F384E31}.FitNesse|Any CPU.ActiveCfg = FitNesse|Any CPU
		{1644EDA1-7196-4197-B752-A4D14F384E31}.FitNesse|Any CPU.Build.0 = FitNesse|Any CPU
		{1644EDA1-7196-4197-B752-A4D14F384E31}.Release|Any CPU.ActiveCfg = Release|Any CPU
		{1644EDA1-7196-4197-B752-A4D14F384E31}.Release|Any CPU.Build.0 = Release|Any CPU
		{1644EDA1-7196-4197-B752-A4D14F384E31}.Test|Any CPU.ActiveCfg = DebugWithTest|Any CPU
		{1644EDA1-7196-4197-B752-A4D14F384E31}.Test|Any CPU.Build.0 = DebugWithTest|Any CPU
		{963A6B8B-779C-4052-B39A-8ABBFBF16C1A}.Debug|Any CPU.ActiveCfg = Debug|Any CPU
		{963A6B8B-779C-4052-B39A-8ABBFBF16C1A}.Debug|Any CPU.Build.0 = Debug|Any CPU
		{963A6B8B-779C-4052-B39A-8ABBFBF16C1A}.DebugWithTest|Any CPU.ActiveCfg = DebugWithTest|Any CPU
		{963A6B8B-779C-4052-B39A-8ABBFBF16C1A}.DebugWithTest|Any CPU.Build.0 = DebugWithTest|Any CPU
		{963A6B8B-779C-4052-B39A-8ABBFBF16C1A}.FitNesse|Any CPU.ActiveCfg = FitNesse|Any CPU
		{963A6B8B-779C-4052-B39A-8ABBFBF16C1A}.FitNesse|Any CPU.Build.0 = FitNesse|Any CPU
		{963A6B8B-779C-4052-B39A-8ABBFBF16C1A}.Release|Any CPU.ActiveCfg = Release|Any CPU
		{963A6B8B-779C-4052-B39A-8ABBFBF16C1A}.Release|Any CPU.Build.0 = Release|Any CPU
		{963A6B8B-779C-4052-B39A-8ABBFBF16C1A}.Test|Any CPU.ActiveCfg = DebugWithTest|Any CPU
		{963A6B8B-779C-4052-B39A-8ABBFBF16C1A}.Test|Any CPU.Build.0 = DebugWithTest|Any CPU
		{30AF40FB-FA8B-4F5E-B41A-CA59E82BA5A0}.Debug|Any CPU.ActiveCfg = Debug|Any CPU
		{30AF40FB-FA8B-4F5E-B41A-CA59E82BA5A0}.Debug|Any CPU.Build.0 = Debug|Any CPU
		{30AF40FB-FA8B-4F5E-B41A-CA59E82BA5A0}.DebugWithTest|Any CPU.ActiveCfg = Debug|Any CPU
		{30AF40FB-FA8B-4F5E-B41A-CA59E82BA5A0}.DebugWithTest|Any CPU.Build.0 = Debug|Any CPU
		{30AF40FB-FA8B-4F5E-B41A-CA59E82BA5A0}.FitNesse|Any CPU.ActiveCfg = Release|Any CPU
		{30AF40FB-FA8B-4F5E-B41A-CA59E82BA5A0}.FitNesse|Any CPU.Build.0 = Release|Any CPU
		{30AF40FB-FA8B-4F5E-B41A-CA59E82BA5A0}.Release|Any CPU.ActiveCfg = Release|Any CPU
		{30AF40FB-FA8B-4F5E-B41A-CA59E82BA5A0}.Release|Any CPU.Build.0 = Release|Any CPU
		{30AF40FB-FA8B-4F5E-B41A-CA59E82BA5A0}.Test|Any CPU.ActiveCfg = Release|Any CPU
		{30AF40FB-FA8B-4F5E-B41A-CA59E82BA5A0}.Test|Any CPU.Build.0 = Release|Any CPU
		{A2E4E382-5796-446C-85B1-8EF306AD50DE}.Debug|Any CPU.ActiveCfg = Debug|Any CPU
		{A2E4E382-5796-446C-85B1-8EF306AD50DE}.Debug|Any CPU.Build.0 = Debug|Any CPU
		{A2E4E382-5796-446C-85B1-8EF306AD50DE}.DebugWithTest|Any CPU.ActiveCfg = Debug|Any CPU
		{A2E4E382-5796-446C-85B1-8EF306AD50DE}.DebugWithTest|Any CPU.Build.0 = Debug|Any CPU
		{A2E4E382-5796-446C-85B1-8EF306AD50DE}.FitNesse|Any CPU.ActiveCfg = Release|Any CPU
		{A2E4E382-5796-446C-85B1-8EF306AD50DE}.FitNesse|Any CPU.Build.0 = Release|Any CPU
		{A2E4E382-5796-446C-85B1-8EF306AD50DE}.Release|Any CPU.ActiveCfg = Release|Any CPU
		{A2E4E382-5796-446C-85B1-8EF306AD50DE}.Release|Any CPU.Build.0 = Release|Any CPU
		{A2E4E382-5796-446C-85B1-8EF306AD50DE}.Test|Any CPU.ActiveCfg = Release|Any CPU
		{A2E4E382-5796-446C-85B1-8EF306AD50DE}.Test|Any CPU.Build.0 = Release|Any CPU
		{A859D97A-51FB-4961-AF07-5856640511AF}.Debug|Any CPU.ActiveCfg = Debug|Any CPU
		{A859D97A-51FB-4961-AF07-5856640511AF}.Debug|Any CPU.Build.0 = Debug|Any CPU
		{A859D97A-51FB-4961-AF07-5856640511AF}.DebugWithTest|Any CPU.ActiveCfg = DebugWithTest|Any CPU
		{A859D97A-51FB-4961-AF07-5856640511AF}.DebugWithTest|Any CPU.Build.0 = DebugWithTest|Any CPU
		{A859D97A-51FB-4961-AF07-5856640511AF}.FitNesse|Any CPU.ActiveCfg = FitNesse|Any CPU
		{A859D97A-51FB-4961-AF07-5856640511AF}.FitNesse|Any CPU.Build.0 = FitNesse|Any CPU
		{A859D97A-51FB-4961-AF07-5856640511AF}.Release|Any CPU.ActiveCfg = Release|Any CPU
		{A859D97A-51FB-4961-AF07-5856640511AF}.Release|Any CPU.Build.0 = Release|Any CPU
		{A859D97A-51FB-4961-AF07-5856640511AF}.Test|Any CPU.ActiveCfg = DebugWithTest|Any CPU
		{A859D97A-51FB-4961-AF07-5856640511AF}.Test|Any CPU.Build.0 = DebugWithTest|Any CPU
		{D63E15B6-24DF-4C27-8593-EFACE31FA52A}.Debug|Any CPU.ActiveCfg = Debug|Any CPU
		{D63E15B6-24DF-4C27-8593-EFACE31FA52A}.Debug|Any CPU.Build.0 = Debug|Any CPU
		{D63E15B6-24DF-4C27-8593-EFACE31FA52A}.DebugWithTest|Any CPU.ActiveCfg = Debug|Any CPU
		{D63E15B6-24DF-4C27-8593-EFACE31FA52A}.DebugWithTest|Any CPU.Build.0 = Debug|Any CPU
		{D63E15B6-24DF-4C27-8593-EFACE31FA52A}.FitNesse|Any CPU.ActiveCfg = Release|Any CPU
		{D63E15B6-24DF-4C27-8593-EFACE31FA52A}.FitNesse|Any CPU.Build.0 = Release|Any CPU
		{D63E15B6-24DF-4C27-8593-EFACE31FA52A}.Release|Any CPU.ActiveCfg = Release|Any CPU
		{D63E15B6-24DF-4C27-8593-EFACE31FA52A}.Release|Any CPU.Build.0 = Release|Any CPU
		{D63E15B6-24DF-4C27-8593-EFACE31FA52A}.Test|Any CPU.ActiveCfg = Release|Any CPU
		{D63E15B6-24DF-4C27-8593-EFACE31FA52A}.Test|Any CPU.Build.0 = Release|Any CPU
		{ECE3CED4-8326-4455-A0C2-D43336EF0B32}.Debug|Any CPU.ActiveCfg = Debug|Any CPU
		{ECE3CED4-8326-4455-A0C2-D43336EF0B32}.Debug|Any CPU.Build.0 = Debug|Any CPU
		{ECE3CED4-8326-4455-A0C2-D43336EF0B32}.DebugWithTest|Any CPU.ActiveCfg = DebugWithTest|Any CPU
		{ECE3CED4-8326-4455-A0C2-D43336EF0B32}.DebugWithTest|Any CPU.Build.0 = DebugWithTest|Any CPU
		{ECE3CED4-8326-4455-A0C2-D43336EF0B32}.FitNesse|Any CPU.ActiveCfg = FitNesse|Any CPU
		{ECE3CED4-8326-4455-A0C2-D43336EF0B32}.FitNesse|Any CPU.Build.0 = FitNesse|Any CPU
		{ECE3CED4-8326-4455-A0C2-D43336EF0B32}.Release|Any CPU.ActiveCfg = Release|Any CPU
		{ECE3CED4-8326-4455-A0C2-D43336EF0B32}.Release|Any CPU.Build.0 = Release|Any CPU
		{ECE3CED4-8326-4455-A0C2-D43336EF0B32}.Test|Any CPU.ActiveCfg = Test|Any CPU
		{ECE3CED4-8326-4455-A0C2-D43336EF0B32}.Test|Any CPU.Build.0 = Test|Any CPU
		{FD33F8F6-6E7A-478B-A34F-14A96C612D8B}.Debug|Any CPU.ActiveCfg = Debug|Any CPU
		{FD33F8F6-6E7A-478B-A34F-14A96C612D8B}.Debug|Any CPU.Build.0 = Debug|Any CPU
		{FD33F8F6-6E7A-478B-A34F-14A96C612D8B}.DebugWithTest|Any CPU.ActiveCfg = Debug|Any CPU
		{FD33F8F6-6E7A-478B-A34F-14A96C612D8B}.DebugWithTest|Any CPU.Build.0 = Debug|Any CPU
		{FD33F8F6-6E7A-478B-A34F-14A96C612D8B}.FitNesse|Any CPU.ActiveCfg = Release|Any CPU
		{FD33F8F6-6E7A-478B-A34F-14A96C612D8B}.FitNesse|Any CPU.Build.0 = Release|Any CPU
		{FD33F8F6-6E7A-478B-A34F-14A96C612D8B}.Release|Any CPU.ActiveCfg = Release|Any CPU
		{FD33F8F6-6E7A-478B-A34F-14A96C612D8B}.Release|Any CPU.Build.0 = Release|Any CPU
		{FD33F8F6-6E7A-478B-A34F-14A96C612D8B}.Test|Any CPU.ActiveCfg = Release|Any CPU
		{FD33F8F6-6E7A-478B-A34F-14A96C612D8B}.Test|Any CPU.Build.0 = Release|Any CPU
		{98B26AD8-D160-462B-B70F-982D8701154A}.Debug|Any CPU.ActiveCfg = Debug|Any CPU
		{98B26AD8-D160-462B-B70F-982D8701154A}.Debug|Any CPU.Build.0 = Debug|Any CPU
		{98B26AD8-D160-462B-B70F-982D8701154A}.DebugWithTest|Any CPU.ActiveCfg = DebugWithTest|Any CPU
		{98B26AD8-D160-462B-B70F-982D8701154A}.DebugWithTest|Any CPU.Build.0 = DebugWithTest|Any CPU
		{98B26AD8-D160-462B-B70F-982D8701154A}.FitNesse|Any CPU.ActiveCfg = FitNesse|Any CPU
		{98B26AD8-D160-462B-B70F-982D8701154A}.FitNesse|Any CPU.Build.0 = FitNesse|Any CPU
		{98B26AD8-D160-462B-B70F-982D8701154A}.Release|Any CPU.ActiveCfg = Release|Any CPU
		{98B26AD8-D160-462B-B70F-982D8701154A}.Release|Any CPU.Build.0 = Release|Any CPU
		{98B26AD8-D160-462B-B70F-982D8701154A}.Test|Any CPU.ActiveCfg = Test|Any CPU
		{98B26AD8-D160-462B-B70F-982D8701154A}.Test|Any CPU.Build.0 = Test|Any CPU
		{098C8842-6538-4B87-8851-BB1B1FA379FE}.Debug|Any CPU.ActiveCfg = Debug|Any CPU
		{098C8842-6538-4B87-8851-BB1B1FA379FE}.Debug|Any CPU.Build.0 = Debug|Any CPU
		{098C8842-6538-4B87-8851-BB1B1FA379FE}.DebugWithTest|Any CPU.ActiveCfg = DebugWithTest|Any CPU
		{098C8842-6538-4B87-8851-BB1B1FA379FE}.DebugWithTest|Any CPU.Build.0 = DebugWithTest|Any CPU
		{098C8842-6538-4B87-8851-BB1B1FA379FE}.FitNesse|Any CPU.ActiveCfg = FitNesse|Any CPU
		{098C8842-6538-4B87-8851-BB1B1FA379FE}.FitNesse|Any CPU.Build.0 = FitNesse|Any CPU
		{098C8842-6538-4B87-8851-BB1B1FA379FE}.Release|Any CPU.ActiveCfg = Release|Any CPU
		{098C8842-6538-4B87-8851-BB1B1FA379FE}.Release|Any CPU.Build.0 = Release|Any CPU
		{098C8842-6538-4B87-8851-BB1B1FA379FE}.Test|Any CPU.ActiveCfg = Test|Any CPU
		{098C8842-6538-4B87-8851-BB1B1FA379FE}.Test|Any CPU.Build.0 = Test|Any CPU
		{90B5218E-10F0-4123-80E3-C4E65D6CF209}.Debug|Any CPU.ActiveCfg = Debug|Any CPU
		{90B5218E-10F0-4123-80E3-C4E65D6CF209}.Debug|Any CPU.Build.0 = Debug|Any CPU
		{90B5218E-10F0-4123-80E3-C4E65D6CF209}.DebugWithTest|Any CPU.ActiveCfg = Debug|Any CPU
		{90B5218E-10F0-4123-80E3-C4E65D6CF209}.DebugWithTest|Any CPU.Build.0 = Debug|Any CPU
		{90B5218E-10F0-4123-80E3-C4E65D6CF209}.FitNesse|Any CPU.ActiveCfg = FitNesse|Any CPU
		{90B5218E-10F0-4123-80E3-C4E65D6CF209}.FitNesse|Any CPU.Build.0 = FitNesse|Any CPU
		{90B5218E-10F0-4123-80E3-C4E65D6CF209}.Release|Any CPU.ActiveCfg = Release|Any CPU
		{90B5218E-10F0-4123-80E3-C4E65D6CF209}.Release|Any CPU.Build.0 = Release|Any CPU
		{90B5218E-10F0-4123-80E3-C4E65D6CF209}.Test|Any CPU.ActiveCfg = FitNesse|Any CPU
		{90B5218E-10F0-4123-80E3-C4E65D6CF209}.Test|Any CPU.Build.0 = FitNesse|Any CPU
	EndGlobalSection
	GlobalSection(SolutionProperties) = preSolution
		HideSolutionNode = FALSE
	EndGlobalSection
	GlobalSection(ExtensibilityGlobals) = postSolution
		GreenPepperConfigServerUrl = http://wiki.octopusnetwork.org
		GreenPepperConfigXmlRpcHandler = greenpepper1
	EndGlobalSection
EndGlobal
